
Microsoft Visual Studio Solution File, Format Version 12.00
# Visual Studio Version 17
VisualStudioVersion = 17.3.32922.545
MinimumVisualStudioVersion = 10.0.40219.1
Project("{FAE04EC0-301F-11D3-BF4B-00C04F79EFBC}") = "Scramblies", "Scramblies\Scramblies.csproj", "{97B4FFDF-E746-4191-90B2-3E451D9D085E}"
EndProject
Global
	GlobalSection(SolutionConfigurationPlatforms) = preSolution
		Debug|Any CPU = Debug|Any CPU
		Release|Any CPU = Release|Any CPU
	EndGlobalSection
	GlobalSection(ProjectConfigurationPlatforms) = postSolution
		{97B4FFDF-E746-4191-90B2-3E451D9D085E}.Debug|Any CPU.ActiveCfg = Debug|Any CPU
		{97B4FFDF-E746-4191-90B2-3E451D9D085E}.Debug|Any CPU.Build.0 = Debug|Any CPU
		{97B4FFDF-E746-4191-90B2-3E451D9D085E}.Release|Any CPU.ActiveCfg = Release|Any CPU
		{97B4FFDF-E746-4191-90B2-3E451D9D085E}.Release|Any CPU.Build.0 = Release|Any CPU
	EndGlobalSection
	GlobalSection(SolutionProperties) = preSolution
		HideSolutionNode = FALSE
	EndGlobalSection
	GlobalSection(ExtensibilityGlobals) = postSolution
		SolutionGuid = {89F6D379-AC4D-4B82-90E7-65EB3610811E}
	EndGlobalSection
EndGlobal
